# This file is autogenerated, do not edit; changes may be undone by the next 'dep ensure'.


[[projects]]
  name = "github.com/alexellis/hmac"
  packages = ["."]
  revision = "d5d71edd7bc74eb6ae4b99eccc6bda738435f43f"
  version = "1.2"

[[projects]]
  name = "github.com/openfaas/faas-cli"
  packages = [
    "schema",
    "stack"
  ]
  revision = "b5597294da6dd98457434fafe39054c993a5f7e7"
  version = "0.6.17"

[[projects]]
  name = "github.com/openfaas/openfaas-cloud"
  packages = ["sdk"]
  revision = "405c386841f47aa648284ae704b6e9a9022cb54d"
  version = "0.2.0"

[[projects]]
  name = "github.com/ryanuber/go-glob"
  packages = ["."]
  revision = "256dc444b735e061061cf46c809487313d5b0065"

[[projects]]
  name = "gopkg.in/yaml.v2"
  packages = ["."]
  revision = "cd8b52f8269e0feb286dfeef29f8fe4d5b397e0b"

[solve-meta]
  analyzer-name = "dep"
  analyzer-version = 1
  inputs-digest = "877c4535c0c288857c4cea4acaf69022f457828b68e7d9f84d6e0a0542b13ca8"
  solver-name = "gps-cdcl"
  solver-version = 1
