# This file is autogenerated, do not edit; changes may be undone by the next 'dep ensure'.


[[projects]]
  name = "github.com/openfaas/faas"
  packages = ["gateway/requests"]
  revision = "c92b462f365f13506936ca701e31867b58a64816"
  version = "0.6.7"

[[projects]]
  name = "github.com/openfaas/faas-cli"
  packages = ["proxy","stack"]
  revision = "32c3a29e834c26beba68513fcf6b083560314a8a"
  version = "0.4.20"

[[projects]]
  name = "github.com/ryanuber/go-glob"
  packages = ["."]
  revision = "572520ed46dbddaed19ea3d9541bdd0494163693"
  version = "v0.1"

[[projects]]
  branch = "v2"
  name = "gopkg.in/yaml.v2"
  packages = ["."]
  revision = "eb3733d160e74a9c7e442f435eb3bea458e1d19f"

[solve-meta]
  analyzer-name = "dep"
  analyzer-version = 1
  inputs-digest = "0044ebed50cd637b06f2c1c7b284c3b5a8153a4dd9b7ada22eb2fd8375e64276"
  solver-name = "gps-cdcl"
  solver-version = 1
