# This file is autogenerated, do not edit; changes may be undone by the next 'dep ensure'.


[[projects]]
  branch = "master"
  name = "github.com/alexellis/hmac"
  packages = ["."]
  revision = "e0dc7926d5bc9fefa88db6ff8681f78a25bd78f0"

[[projects]]
  branch = "master"
  name = "github.com/openfaas/openfaas-cloud"
  packages = ["sdk"]
  revision = "633b10fc2d2ce310b8a209f5d4ded914bb721d7b"

[solve-meta]
  analyzer-name = "dep"
  analyzer-version = 1
  inputs-digest = "e4754524bd6666171fbf1bce5417c60509b6921fe94011bc5654d180b68a5e97"
  solver-name = "gps-cdcl"
  solver-version = 1
