# This file is autogenerated, do not edit; changes may be undone by the next 'dep ensure'.


[[projects]]
  branch = "master"
  digest = "1:ccd02c1417d1cbe8deecfab8d885ee1d84a02a48bb6a226dc9c1d3b4b66ce347"
  name = "github.com/alexellis/hmac"
  packages = ["."]
  pruneopts = "UT"
  revision = "5c52ab81c0de69124b2bac9eab16c326e22dfada"

[[projects]]
  digest = "1:deb76da5396c9f641ddea9ca79e31a14bdb09c787cdfda90488768b7539b1fd6"
  name = "github.com/openfaas/faas-provider"
  packages = ["auth"]
  pruneopts = "UT"
  revision = "845bf7aa58cb08352c5b2501807837e464ab071d"
  version = "0.7.1"

[[projects]]
  digest = "1:9e085f532bf4b2231ee56621ea17ede37281ea2d25ca92655801d25ae2329c7b"
  name = "github.com/openfaas/openfaas-cloud"
  packages = ["sdk"]
  pruneopts = "UT"
  revision = "3642c6e87869e57d0e66f68a0222acaab3289213"
  version = "0.8.8"

[solve-meta]
  analyzer-name = "dep"
  analyzer-version = 1
  input-imports = [
    "github.com/alexellis/hmac",
    "github.com/openfaas/openfaas-cloud/sdk",
  ]
  solver-name = "gps-cdcl"
  solver-version = 1
