# This file is autogenerated, do not edit; changes may be undone by the next 'dep ensure'.


[[projects]]
  branch = "master"
  name = "github.com/alexellis/hmac"
  packages = ["."]
  revision = "5c52ab81c0de69124b2bac9eab16c326e22dfada"

[[projects]]
  name = "github.com/openfaas/faas"
  packages = ["gateway/types"]
  revision = "91b6c244941c41b4750c9fcc90fc678d196d4619"
  version = "0.8.12"

[[projects]]
  name = "github.com/openfaas/openfaas-cloud"
  packages = ["sdk"]
  revision = "2cf97d7c25701cc7333781d7b61dcdfbbee2e911"
  version = "0.5.4"

[solve-meta]
  analyzer-name = "dep"
  analyzer-version = 1
  inputs-digest = "d4cb894617900834bd09e624c2568fb82741488d7da8e4aa782745fd644e010d"
  solver-name = "gps-cdcl"
  solver-version = 1
