# This file is autogenerated, do not edit; changes may be undone by the next 'dep ensure'.


[[projects]]
  digest = "1:871b7cfa5fe18bfdbd4bf117c166c3cff8d3b61c8afe4e998b5b8ac0c160ca24"
  name = "github.com/alexellis/hmac"
  packages = ["."]
  pruneopts = "UT"
  revision = "d5d71edd7bc74eb6ae4b99eccc6bda738435f43f"
  version = "1.2"

[[projects]]
  digest = "1:deb76da5396c9f641ddea9ca79e31a14bdb09c787cdfda90488768b7539b1fd6"
  name = "github.com/openfaas/faas-provider"
  packages = ["auth"]
  pruneopts = "UT"
  revision = "845bf7aa58cb08352c5b2501807837e464ab071d"
  version = "0.7.1"

[[projects]]
  digest = "1:30c1a4680c6640e4a89ae26783f451892b8cf519783cd4521f8a8d17248a0473"
  name = "github.com/openfaas/openfaas-cloud"
  packages = ["sdk"]
  pruneopts = "UT"
  revision = "4eae23b9eeb3417ad8af5b191d6a0f178d8fb6ff"
  version = "0.8.4"

[solve-meta]
  analyzer-name = "dep"
  analyzer-version = 1
  input-imports = [
    "github.com/alexellis/hmac",
    "github.com/openfaas/openfaas-cloud/sdk",
  ]
  solver-name = "gps-cdcl"
  solver-version = 1
