# This file is autogenerated, do not edit; changes may be undone by the next 'dep ensure'.


[[projects]]
  branch = "master"
  digest = "1:ccd02c1417d1cbe8deecfab8d885ee1d84a02a48bb6a226dc9c1d3b4b66ce347"
  name = "github.com/alexellis/hmac"
  packages = ["."]
  pruneopts = "UT"
  revision = "5c52ab81c0de69124b2bac9eab16c326e22dfada"

[[projects]]
  digest = "1:deb76da5396c9f641ddea9ca79e31a14bdb09c787cdfda90488768b7539b1fd6"
  name = "github.com/openfaas/faas-provider"
  packages = ["auth"]
  pruneopts = "UT"
  revision = "220324e98f5db5aa61f02d1ab13f03e91310796c"
  version = "0.8.1"

[[projects]]
  digest = "1:086823f00ee88d891674e7dfd9a76e22337cb457a2bb1fdbb78ad1cd2545a583"
  name = "github.com/openfaas/openfaas-cloud"
  packages = ["sdk"]
  pruneopts = "UT"
  revision = "fda6c9f2df03814ff2a2a451f2a67d1f83d82641"
  version = "0.13.2"

[solve-meta]
  analyzer-name = "dep"
  analyzer-version = 1
  input-imports = [
    "github.com/alexellis/hmac",
    "github.com/openfaas/openfaas-cloud/sdk",
  ]
  solver-name = "gps-cdcl"
  solver-version = 1
