# This file is autogenerated, do not edit; changes may be undone by the next 'dep ensure'.


[[projects]]
  branch = "master"
  name = "github.com/alexellis/hmac"
  packages = ["."]
  revision = "5c52ab81c0de69124b2bac9eab16c326e22dfada"

[[projects]]
  name = "github.com/openfaas/faas"
  packages = ["gateway/types"]
  revision = "81334141832d6c4fc9b78e6b5e17e5330eca7606"
  version = "0.8.2"

[[projects]]
  name = "github.com/openfaas/openfaas-cloud"
  packages = ["sdk"]
  revision = "07ad9ccaea796c2d03cd217d3f67b7ba67bd0e95"
  version = "0.4.1"

[solve-meta]
  analyzer-name = "dep"
  analyzer-version = 1
  inputs-digest = "1693010f98a10677d2d464d03eba125a330e8e1ffb1ba3570fe96bc13ffae880"
  solver-name = "gps-cdcl"
  solver-version = 1
