# This file is autogenerated, do not edit; changes may be undone by the next 'dep ensure'.


[[projects]]
  branch = "master"
  name = "github.com/alexellis/hmac"
  packages = ["."]
  revision = "5c52ab81c0de69124b2bac9eab16c326e22dfada"

[[projects]]
  name = "github.com/openfaas/faas"
  packages = ["gateway/types"]
  revision = "81334141832d6c4fc9b78e6b5e17e5330eca7606"
  version = "0.8.2"

[[projects]]
  branch = "master"
  name = "github.com/openfaas/openfaas-cloud"
  packages = ["sdk"]
  revision = "d99fb086e65ac2cf48e251175facf6f260e403e0"

[solve-meta]
  analyzer-name = "dep"
  analyzer-version = 1
  inputs-digest = "d0f622ce181bf689c9dcd3e5346745299e261a81f28271891e773aea9756402a"
  solver-name = "gps-cdcl"
  solver-version = 1
