# This file is autogenerated, do not edit; changes may be undone by the next 'dep ensure'.


[[projects]]
  digest = "1:871b7cfa5fe18bfdbd4bf117c166c3cff8d3b61c8afe4e998b5b8ac0c160ca24"
  name = "github.com/alexellis/hmac"
  packages = ["."]
  pruneopts = "UT"
  revision = "d5d71edd7bc74eb6ae4b99eccc6bda738435f43f"
  version = "1.2"

[[projects]]
  digest = "1:640b3b23db9a5542f998adcf5ca3527951855f93156784dd9592242a61b89598"
  name = "github.com/openfaas/faas-provider"
  packages = ["auth"]
  pruneopts = "UT"
  revision = "98c25c3919da1ca07bb93fad63fd9715b460963f"
  version = "012.1"

[[projects]]
  digest = "1:086823f00ee88d891674e7dfd9a76e22337cb457a2bb1fdbb78ad1cd2545a583"
  name = "github.com/openfaas/openfaas-cloud"
  packages = ["sdk"]
  pruneopts = "UT"
  revision = "fda6c9f2df03814ff2a2a451f2a67d1f83d82641"
  version = "0.13.2"

[solve-meta]
  analyzer-name = "dep"
  analyzer-version = 1
  input-imports = ["github.com/openfaas/openfaas-cloud/sdk"]
  solver-name = "gps-cdcl"
  solver-version = 1
