# This file is autogenerated, do not edit; changes may be undone by the next 'dep ensure'.


[[projects]]
  digest = "1:871b7cfa5fe18bfdbd4bf117c166c3cff8d3b61c8afe4e998b5b8ac0c160ca24"
  name = "github.com/alexellis/hmac"
  packages = ["."]
  pruneopts = "UT"
  revision = "d5d71edd7bc74eb6ae4b99eccc6bda738435f43f"
  version = "1.2"

[[projects]]
  digest = "1:640b3b23db9a5542f998adcf5ca3527951855f93156784dd9592242a61b89598"
  name = "github.com/openfaas/faas-provider"
  packages = ["auth"]
  pruneopts = "UT"
  revision = "98c25c3919da1ca07bb93fad63fd9715b460963f"
  version = "012.1"

[[projects]]
  digest = "1:df78e66063fb11e516c09941a5b11e7a311af88edd6972b9170128899fb28c1a"
  name = "github.com/openfaas/openfaas-cloud"
  packages = ["sdk"]
  pruneopts = "UT"
  revision = "6c3e056a6ac4475b11752fa219ca21b7bd7296ee"
  version = "0.13.3"

[solve-meta]
  analyzer-name = "dep"
  analyzer-version = 1
  input-imports = ["github.com/openfaas/openfaas-cloud/sdk"]
  solver-name = "gps-cdcl"
  solver-version = 1
