# This file is autogenerated, do not edit; changes may be undone by the next 'dep ensure'.


[[projects]]
  branch = "master"
  name = "github.com/openfaas/openfaas-cloud"
  packages = ["sdk"]
  revision = "57d085b3fa3154deb4f4bd23a0b871d22f098d6e"

[solve-meta]
  analyzer-name = "dep"
  analyzer-version = 1
  inputs-digest = "b95f4ae4e669eea27e21219b750f1ebf3b86e3dc3729468eadd41d5a4a6302ca"
  solver-name = "gps-cdcl"
  solver-version = 1
