# This file is autogenerated, do not edit; changes may be undone by the next 'dep ensure'.


[[projects]]
  name = "github.com/alexellis/hmac"
  packages = ["."]
  revision = "d5d71edd7bc74eb6ae4b99eccc6bda738435f43f"
  version = "1.2"

[[projects]]
  name = "github.com/openfaas/faas"
  packages = ["gateway/types"]
  revision = "91b6c244941c41b4750c9fcc90fc678d196d4619"
  version = "0.8.12"

[[projects]]
  name = "github.com/openfaas/openfaas-cloud"
  packages = ["sdk"]
  revision = "1b8f104e563dc86ab4f0f92f02e44f02b0d54a13"
  version = "0.5.9"

[solve-meta]
  analyzer-name = "dep"
  analyzer-version = 1
  inputs-digest = "70ff1dd1e6db9788efa8252ed733612fec056679b1f7d418e49f6376d488add6"
  solver-name = "gps-cdcl"
  solver-version = 1
