# This file is autogenerated, do not edit; changes may be undone by the next 'dep ensure'.


[[projects]]
  branch = "master"
  digest = "1:ccd02c1417d1cbe8deecfab8d885ee1d84a02a48bb6a226dc9c1d3b4b66ce347"
  name = "github.com/alexellis/hmac"
  packages = ["."]
  pruneopts = "UT"
  revision = "5c52ab81c0de69124b2bac9eab16c326e22dfada"

[[projects]]
  digest = "1:bdc1992e06609e1a3204271c66f4a09ca742346cec96605c969aab22082d7cbe"
  name = "github.com/openfaas/faas"
  packages = ["gateway/types"]
  pruneopts = "UT"
  revision = "e67811c91c006dfe86feb945c88b0738ddf33a67"
  version = "0.9.4"

[[projects]]
  digest = "1:6c40fef89b608d7c3ae933e17c4406bc170cd5e1e3600e60a8a1e4be4c754843"
  name = "github.com/openfaas/openfaas-cloud"
  packages = ["sdk"]
  pruneopts = "UT"
  revision = "965a437d05c2818dacfbfb45c56ea3f9f20f447a"
  version = "0.5.8"

[solve-meta]
  analyzer-name = "dep"
  analyzer-version = 1
  input-imports = [
    "github.com/alexellis/hmac",
    "github.com/openfaas/openfaas-cloud/sdk",
  ]
  solver-name = "gps-cdcl"
  solver-version = 1
