# This file is autogenerated, do not edit; changes may be undone by the next 'dep ensure'.


[[projects]]
  branch = "master"
  name = "github.com/openfaas/openfaas-cloud"
  packages = ["sdk"]
  revision = "633b10fc2d2ce310b8a209f5d4ded914bb721d7b"

[solve-meta]
  analyzer-name = "dep"
  analyzer-version = 1
  inputs-digest = "b81d53106309889b65506f7132db1b8c8202f5377cd3c587d5509aec2af9a2b7"
  solver-name = "gps-cdcl"
  solver-version = 1
