# This file is autogenerated, do not edit; changes may be undone by the next 'dep ensure'.


[[projects]]
  branch = "master"
  name = "github.com/alexellis/hmac"
  packages = ["."]
  revision = "5c52ab81c0de69124b2bac9eab16c326e22dfada"

[[projects]]
  name = "github.com/openfaas/faas"
  packages = ["gateway/types"]
  revision = "e67811c91c006dfe86feb945c88b0738ddf33a67"
  version = "0.9.4"

[[projects]]
  name = "github.com/openfaas/openfaas-cloud"
  packages = ["sdk"]
  revision = "965a437d05c2818dacfbfb45c56ea3f9f20f447a"
  version = "0.5.8"

[solve-meta]
  analyzer-name = "dep"
  analyzer-version = 1
  inputs-digest = "0a0c4edebf09601366dca58b98fdf82c7ac43d821d6d527e5ad646d3c57d8aa7"
  solver-name = "gps-cdcl"
  solver-version = 1
